
Microsoft Visual Studio Solution File, Format Version 12.00
# Visual Studio Version 16
VisualStudioVersion = 16.0.31005.135
MinimumVisualStudioVersion = 10.0.40219.1
Project("{FAE04EC0-301F-11D3-BF4B-00C04F79EFBC}") = "Escola", "Escola\Escola.csproj", "{B11570C9-F3EE-4622-BF5B-1A555A63472A}"
EndProject
Project("{FAE04EC0-301F-11D3-BF4B-00C04F79EFBC}") = "XUnitTestEscola", "XUnitTestEscola\XUnitTestEscola.csproj", "{B0CCF13F-2057-4E22-ACFC-01EA6AF8BB86}"
EndProject
Global
	GlobalSection(SolutionConfigurationPlatforms) = preSolution
		Debug|Any CPU = Debug|Any CPU
		Release|Any CPU = Release|Any CPU
	EndGlobalSection
	GlobalSection(ProjectConfigurationPlatforms) = postSolution
		{B11570C9-F3EE-4622-BF5B-1A555A63472A}.Debug|Any CPU.ActiveCfg = Debug|Any CPU
		{B11570C9-F3EE-4622-BF5B-1A555A63472A}.Debug|Any CPU.Build.0 = Debug|Any CPU
		{B11570C9-F3EE-4622-BF5B-1A555A63472A}.Release|Any CPU.ActiveCfg = Release|Any CPU
		{B11570C9-F3EE-4622-BF5B-1A555A63472A}.Release|Any CPU.Build.0 = Release|Any CPU
		{B0CCF13F-2057-4E22-ACFC-01EA6AF8BB86}.Debug|Any CPU.ActiveCfg = Debug|Any CPU
		{B0CCF13F-2057-4E22-ACFC-01EA6AF8BB86}.Debug|Any CPU.Build.0 = Debug|Any CPU
		{B0CCF13F-2057-4E22-ACFC-01EA6AF8BB86}.Release|Any CPU.ActiveCfg = Release|Any CPU
		{B0CCF13F-2057-4E22-ACFC-01EA6AF8BB86}.Release|Any CPU.Build.0 = Release|Any CPU
	EndGlobalSection
	GlobalSection(SolutionProperties) = preSolution
		HideSolutionNode = FALSE
	EndGlobalSection
	GlobalSection(ExtensibilityGlobals) = postSolution
		SolutionGuid = {3E40811F-B89F-4A66-8649-E01CFAD7791C}
	EndGlobalSection
EndGlobal
